{
  "name": "nuxt-statamic-image",
  "version": "1.0.2",
  "lockfileVersion": 1,
  "requires": true,
  "dependencies": {
    "url-join": {
      "version": "4.0.1",
      "resolved": "https://registry.npmjs.org/url-join/-/url-join-4.0.1.tgz",
      "integrity": "sha512-jk1+QP6ZJqyOiuEI9AEWQfju/nB2Pw466kbA0LEZljHwKeMgd9WrAEgEGxjPDD2+TNbbb37rTyhEfrCXfuKXnA=="
    },
    "vue-statamic-image": {
      "version": "1.0.12",
      "resolved": "https://registry.npmjs.org/vue-statamic-image/-/vue-statamic-image-1.0.12.tgz",
      "integrity": "sha512-37TXRNtU8/qSdZ6Dm3Ds9qFl0hNSI2QiVWw5ovaRCKO+CYMDYiirS3q0kqUBVVy2sU7mptD2sHjap3i2JDa4lA==",
      "requires": {
        "url-join": "^4.0.1"
      }
    }
  }
}
